// !$*UTF8*$!
{
	archiveVersion = 1;
	classes = {
	};
	objectVersion = 50;
	objects = {

/* Begin PBXBuildFile section */
		9FB57AB7240686E400E5ABFF /* AppDelegate.swift in Sources */ = {isa = PBXBuildFile; fileRef = 9FB57AB6240686E400E5ABFF /* AppDelegate.swift */; };
		9FB57ABB240686E500E5ABFF /* Assets.xcassets in Resources */ = {isa = PBXBuildFile; fileRef = 9FB57ABA240686E500E5ABFF /* Assets.xcassets */; };
		9FB57ABE240686E500E5ABFF /* Preview Assets.xcassets in Resources */ = {isa = PBXBuildFile; fileRef = 9FB57ABD240686E500E5ABFF /* Preview Assets.xcassets */; };
		9FB57AC1240686E500E5ABFF /* Main.storyboard in Resources */ = {isa = PBXBuildFile; fileRef = 9FB57ABF240686E500E5ABFF /* Main.storyboard */; };
		9FB57AD1240698B700E5ABFF /* v2ray in Resources */ = {isa = PBXBuildFile; fileRef = 9FB57ACC240698B600E5ABFF /* v2ray */; };
		9FB57AD2240698B700E5ABFF /* geosite.dat in Resources */ = {isa = PBXBuildFile; fileRef = 9FB57ACD240698B600E5ABFF /* geosite.dat */; };
		9FB57AD3240698B700E5ABFF /* config.json in Resources */ = {isa = PBXBuildFile; fileRef = 9FB57ACE240698B600E5ABFF /* config.json */; };
		9FB57AD4240698B700E5ABFF /* v2ctl in Resources */ = {isa = PBXBuildFile; fileRef = 9FB57ACF240698B600E5ABFF /* v2ctl */; };
		9FB57AD5240698B700E5ABFF /* geoip.dat in Resources */ = {isa = PBXBuildFile; fileRef = 9FB57AD0240698B700E5ABFF /* geoip.dat */; };
/* End PBXBuildFile section */

/* Begin PBXFileReference section */
		9FB57AB3240686E400E5ABFF /* v2rayTray.app */ = {isa = PBXFileReference; explicitFileType = wrapper.application; includeInIndex = 0; path = v2rayTray.app; sourceTree = BUILT_PRODUCTS_DIR; };
		9FB57AB6240686E400E5ABFF /* AppDelegate.swift */ = {isa = PBXFileReference; lastKnownFileType = sourcecode.swift; path = AppDelegate.swift; sourceTree = "<group>"; };
		9FB57ABA240686E500E5ABFF /* Assets.xcassets */ = {isa = PBXFileReference; lastKnownFileType = folder.assetcatalog; path = Assets.xcassets; sourceTree = "<group>"; };
		9FB57ABD240686E500E5ABFF /* Preview Assets.xcassets */ = {isa = PBXFileReference; lastKnownFileType = folder.assetcatalog; path = "Preview Assets.xcassets"; sourceTree = "<group>"; };
		9FB57AC0240686E500E5ABFF /* Base */ = {isa = PBXFileReference; lastKnownFileType = file.storyboard; name = Base; path = Base.lproj/Main.storyboard; sourceTree = "<group>"; };
		9FB57AC2240686E500E5ABFF /* Info.plist */ = {isa = PBXFileReference; lastKnownFileType = text.plist.xml; path = Info.plist; sourceTree = "<group>"; };
		9FB57AC3240686E500E5ABFF /* v2rayTray.entitlements */ = {isa = PBXFileReference; lastKnownFileType = text.plist.entitlements; path = v2rayTray.entitlements; sourceTree = "<group>"; };
		9FB57ACA2406983C00E5ABFF /* config.json */ = {isa = PBXFileReference; lastKnownFileType = text.json; name = config.json; path = "../../../../../Applications/v2ray-macos/config.json"; sourceTree = "<group>"; };
		9FB57ACB2406983C00E5ABFF /* v2ray */ = {isa = PBXFileReference; lastKnownFileType = "compiled.mach-o.executable"; name = v2ray; path = "../../../../../Applications/v2ray-macos/v2ray"; sourceTree = "<group>"; };
		9FB57ACC240698B600E5ABFF /* v2ray */ = {isa = PBXFileReference; lastKnownFileType = "compiled.mach-o.executable"; path = v2ray; sourceTree = "<group>"; };
		9FB57ACD240698B600E5ABFF /* geosite.dat */ = {isa = PBXFileReference; lastKnownFileType = file; path = geosite.dat; sourceTree = "<group>"; };
		9FB57ACE240698B600E5ABFF /* config.json */ = {isa = PBXFileReference; lastKnownFileType = text.json; path = config.json; sourceTree = "<group>"; };
		9FB57ACF240698B600E5ABFF /* v2ctl */ = {isa = PBXFileReference; lastKnownFileType = "compiled.mach-o.executable"; path = v2ctl; sourceTree = "<group>"; };
		9FB57AD0240698B700E5ABFF /* geoip.dat */ = {isa = PBXFileReference; lastKnownFileType = file; path = geoip.dat; sourceTree = "<group>"; };
/* End PBXFileReference section */

/* Begin PBXFrameworksBuildPhase section */
		9FB57AB0240686E400E5ABFF /* Frameworks */ = {
			isa = PBXFrameworksBuildPhase;
			buildActionMask = 2147483647;
			files = (
			);
			runOnlyForDeploymentPostprocessing = 0;
		};
/* End PBXFrameworksBuildPhase section */

/* Begin PBXGroup section */
		9FB57AAA240686E400E5ABFF = {
			isa = PBXGroup;
			children = (
				9FB57ACE240698B600E5ABFF /* config.json */,
				9FB57AD0240698B700E5ABFF /* geoip.dat */,
				9FB57ACD240698B600E5ABFF /* geosite.dat */,
				9FB57ACF240698B600E5ABFF /* v2ctl */,
				9FB57ACC240698B600E5ABFF /* v2ray */,
				9FB57AB5240686E400E5ABFF /* v2rayTray */,
				9FB57AB4240686E400E5ABFF /* Products */,
				9FB57AC92406983C00E5ABFF /* Frameworks */,
			);
			sourceTree = "<group>";
		};
		9FB57AB4240686E400E5ABFF /* Products */ = {
			isa = PBXGroup;
			children = (
				9FB57AB3240686E400E5ABFF /* v2rayTray.app */,
			);
			name = Products;
			sourceTree = "<group>";
		};
		9FB57AB5240686E400E5ABFF /* v2rayTray */ = {
			isa = PBXGroup;
			children = (
				9FB57AB6240686E400E5ABFF /* AppDelegate.swift */,
				9FB57ABA240686E500E5ABFF /* Assets.xcassets */,
				9FB57ABF240686E500E5ABFF /* Main.storyboard */,
				9FB57AC2240686E500E5ABFF /* Info.plist */,
				9FB57AC3240686E500E5ABFF /* v2rayTray.entitlements */,
				9FB57ABC240686E500E5ABFF /* Preview Content */,
			);
			path = v2rayTray;
			sourceTree = "<group>";
		};
		9FB57ABC240686E500E5ABFF /* Preview Content */ = {
			isa = PBXGroup;
			children = (
				9FB57ABD240686E500E5ABFF /* Preview Assets.xcassets */,
			);
			path = "Preview Content";
			sourceTree = "<group>";
		};
		9FB57AC92406983C00E5ABFF /* Frameworks */ = {
			isa = PBXGroup;
			children = (
				9FB57ACA2406983C00E5ABFF /* config.json */,
				9FB57ACB2406983C00E5ABFF /* v2ray */,
			);
			name = Frameworks;
			sourceTree = "<group>";
		};
/* End PBXGroup section */

/* Begin PBXNativeTarget section */
		9FB57AB2240686E400E5ABFF /* v2rayTray */ = {
			isa = PBXNativeTarget;
			buildConfigurationList = 9FB57AC6240686E500E5ABFF /* Build configuration list for PBXNativeTarget "v2rayTray" */;
			buildPhases = (
				9FB57AAF240686E400E5ABFF /* Sources */,
				9FB57AB0240686E400E5ABFF /* Frameworks */,
				9FB57AB1240686E400E5ABFF /* Resources */,
			);
			buildRules = (
			);
			dependencies = (
			);
			name = v2rayTray;
			productName = v2rayTray;
			productReference = 9FB57AB3240686E400E5ABFF /* v2rayTray.app */;
			productType = "com.apple.product-type.application";
		};
/* End PBXNativeTarget section */

/* Begin PBXProject section */
		9FB57AAB240686E400E5ABFF /* Project object */ = {
			isa = PBXProject;
			attributes = {
				LastSwiftUpdateCheck = 1130;
				LastUpgradeCheck = 1130;
				ORGANIZATIONNAME = dreamldx;
				TargetAttributes = {
					9FB57AB2240686E400E5ABFF = {
						CreatedOnToolsVersion = 11.3.1;
					};
				};
			};
			buildConfigurationList = 9FB57AAE240686E400E5ABFF /* Build configuration list for PBXProject "v2rayTray" */;
			compatibilityVersion = "Xcode 9.3";
			developmentRegion = en;
			hasScannedForEncodings = 0;
			knownRegions = (
				en,
				Base,
			);
			mainGroup = 9FB57AAA240686E400E5ABFF;
			productRefGroup = 9FB57AB4240686E400E5ABFF /* Products */;
			projectDirPath = "";
			projectRoot = "";
			targets = (
				9FB57AB2240686E400E5ABFF /* v2rayTray */,
			);
		};
/* End PBXProject section */

/* Begin PBXResourcesBuildPhase section */
		9FB57AB1240686E400E5ABFF /* Resources */ = {
			isa = PBXResourcesBuildPhase;
			buildActionMask = 2147483647;
			files = (
				9FB57AD1240698B700E5ABFF /* v2ray in Resources */,
				9FB57AD2240698B700E5ABFF /* geosite.dat in Resources */,
				9FB57AD3240698B700E5ABFF /* config.json in Resources */,
				9FB57AD4240698B700E5ABFF /* v2ctl in Resources */,
				9FB57AD5240698B700E5ABFF /* geoip.dat in Resources */,
				9FB57AC1240686E500E5ABFF /* Main.storyboard in Resources */,
				9FB57ABE240686E500E5ABFF /* Preview Assets.xcassets in Resources */,
				9FB57ABB240686E500E5ABFF /* Assets.xcassets in Resources */,
			);
			runOnlyForDeploymentPostprocessing = 0;
		};
/* End PBXResourcesBuildPhase section */

/* Begin PBXSourcesBuildPhase section */
		9FB57AAF240686E400E5ABFF /* Sources */ = {
			isa = PBXSourcesBuildPhase;
			buildActionMask = 2147483647;
			files = (
				9FB57AB7240686E400E5ABFF /* AppDelegate.swift in Sources */,
			);
			runOnlyForDeploymentPostprocessing = 0;
		};
/* End PBXSourcesBuildPhase section */

/* Begin PBXVariantGroup section */
		9FB57ABF240686E500E5ABFF /* Main.storyboard */ = {
			isa = PBXVariantGroup;
			children = (
				9FB57AC0240686E500E5ABFF /* Base */,
			);
			name = Main.storyboard;
			sourceTree = "<group>";
		};
/* End PBXVariantGroup section */

/* Begin XCBuildConfiguration section */
		9FB57AC4240686E500E5ABFF /* Debug */ = {
			isa = XCBuildConfiguration;
			buildSettings = {
				ALWAYS_SEARCH_USER_PATHS = NO;
				CLANG_ANALYZER_NONNULL = YES;
				CLANG_ANALYZER_NUMBER_OBJECT_CONVERSION = YES_AGGRESSIVE;
				CLANG_CXX_LANGUAGE_STANDARD = "gnu++14";
				CLANG_CXX_LIBRARY = "libc++";
				CLANG_ENABLE_MODULES = YES;
				CLANG_ENABLE_OBJC_ARC = YES;
				CLANG_ENABLE_OBJC_WEAK = YES;
				CLANG_WARN_BLOCK_CAPTURE_AUTORELEASING = YES;
				CLANG_WARN_BOOL_CONVERSION = YES;
				CLANG_WARN_COMMA = YES;
				CLANG_WARN_CONSTANT_CONVERSION = YES;
				CLANG_WARN_DEPRECATED_OBJC_IMPLEMENTATIONS = YES;
				CLANG_WARN_DIRECT_OBJC_ISA_USAGE = YES_ERROR;
				CLANG_WARN_DOCUMENTATION_COMMENTS = YES;
				CLANG_WARN_EMPTY_BODY = YES;
				CLANG_WARN_ENUM_CONVERSION = YES;
				CLANG_WARN_INFINITE_RECURSION = YES;
				CLANG_WARN_INT_CONVERSION = YES;
				CLANG_WARN_NON_LITERAL_NULL_CONVERSION = YES;
				CLANG_WARN_OBJC_IMPLICIT_RETAIN_SELF = YES;
				CLANG_WARN_OBJC_LITERAL_CONVERSION = YES;
				CLANG_WARN_OBJC_ROOT_CLASS = YES_ERROR;
				CLANG_WARN_RANGE_LOOP_ANALYSIS = YES;
				CLANG_WARN_STRICT_PROTOTYPES = YES;
				CLANG_WARN_SUSPICIOUS_MOVE = YES;
				CLANG_WARN_UNGUARDED_AVAILABILITY = YES_AGGRESSIVE;
				CLANG_WARN_UNREACHABLE_CODE = YES;
				CLANG_WARN__DUPLICATE_METHOD_MATCH = YES;
				COPY_PHASE_STRIP = NO;
				DEBUG_INFORMATION_FORMAT = dwarf;
				ENABLE_STRICT_OBJC_MSGSEND = YES;
				ENABLE_TESTABILITY = YES;
				GCC_C_LANGUAGE_STANDARD = gnu11;
				GCC_DYNAMIC_NO_PIC = NO;
				GCC_NO_COMMON_BLOCKS = YES;
				GCC_OPTIMIZATION_LEVEL = 0;
				GCC_PREPROCESSOR_DEFINITIONS = (
					"DEBUG=1",
					"$(inherited)",
				);
				GCC_WARN_64_TO_32_BIT_CONVERSION = YES;
				GCC_WARN_ABOUT_RETURN_TYPE = YES_ERROR;
				GCC_WARN_UNDECLARED_SELECTOR = YES;
				GCC_WARN_UNINITIALIZED_AUTOS = YES_AGGRESSIVE;
				GCC_WARN_UNUSED_FUNCTION = YES;
				GCC_WARN_UNUSED_VARIABLE = YES;
				MACOSX_DEPLOYMENT_TARGET = 10.15;
				MTL_ENABLE_DEBUG_INFO = INCLUDE_SOURCE;
				MTL_FAST_MATH = YES;
				ONLY_ACTIVE_ARCH = YES;
				SDKROOT = macosx;
				SWIFT_ACTIVE_COMPILATION_CONDITIONS = DEBUG;
				SWIFT_OPTIMIZATION_LEVEL = "-Onone";
			};
			name = Debug;
		};
		9FB57AC5240686E500E5ABFF /* Release */ = {
			isa = XCBuildConfiguration;
			buildSettings = {
				ALWAYS_SEARCH_USER_PATHS = NO;
				CLANG_ANALYZER_NONNULL = YES;
				CLANG_ANALYZER_NUMBER_OBJECT_CONVERSION = YES_AGGRESSIVE;
				CLANG_CXX_LANGUAGE_STANDARD = "gnu++14";
				CLANG_CXX_LIBRARY = "libc++";
				CLANG_ENABLE_MODULES = YES;
				CLANG_ENABLE_OBJC_ARC = YES;
				CLANG_ENABLE_OBJC_WEAK = YES;
				CLANG_WARN_BLOCK_CAPTURE_AUTORELEASING = YES;
				CLANG_WARN_BOOL_CONVERSION = YES;
				CLANG_WARN_COMMA = YES;
				CLANG_WARN_CONSTANT_CONVERSION = YES;
				CLANG_WARN_DEPRECATED_OBJC_IMPLEMENTATIONS = YES;
				CLANG_WARN_DIRECT_OBJC_ISA_USAGE = YES_ERROR;
				CLANG_WARN_DOCUMENTATION_COMMENTS = YES;
				CLANG_WARN_EMPTY_BODY = YES;
				CLANG_WARN_ENUM_CONVERSION = YES;
				CLANG_WARN_INFINITE_RECURSION = YES;
				CLANG_WARN_INT_CONVERSION = YES;
				CLANG_WARN_NON_LITERAL_NULL_CONVERSION = YES;
				CLANG_WARN_OBJC_IMPLICIT_RETAIN_SELF = YES;
				CLANG_WARN_OBJC_LITERAL_CONVERSION = YES;
				CLANG_WARN_OBJC_ROOT_CLASS = YES_ERROR;
				CLANG_WARN_RANGE_LOOP_ANALYSIS = YES;
				CLANG_WARN_STRICT_PROTOTYPES = YES;
				CLANG_WARN_SUSPICIOUS_MOVE = YES;
				CLANG_WARN_UNGUARDED_AVAILABILITY = YES_AGGRESSIVE;
				CLANG_WARN_UNREACHABLE_CODE = YES;
				CLANG_WARN__DUPLICATE_METHOD_MATCH = YES;
				COPY_PHASE_STRIP = NO;
				DEBUG_INFORMATION_FORMAT = "dwarf-with-dsym";
				ENABLE_NS_ASSERTIONS = NO;
				ENABLE_STRICT_OBJC_MSGSEND = YES;
				GCC_C_LANGUAGE_STANDARD = gnu11;
				GCC_NO_COMMON_BLOCKS = YES;
				GCC_WARN_64_TO_32_BIT_CONVERSION = YES;
				GCC_WARN_ABOUT_RETURN_TYPE = YES_ERROR;
				GCC_WARN_UNDECLARED_SELECTOR = YES;
				GCC_WARN_UNINITIALIZED_AUTOS = YES_AGGRESSIVE;
				GCC_WARN_UNUSED_FUNCTION = YES;
				GCC_WARN_UNUSED_VARIABLE = YES;
				MACOSX_DEPLOYMENT_TARGET = 10.15;
				MTL_ENABLE_DEBUG_INFO = NO;
				MTL_FAST_MATH = YES;
				SDKROOT = macosx;
				SWIFT_COMPILATION_MODE = wholemodule;
				SWIFT_OPTIMIZATION_LEVEL = "-O";
			};
			name = Release;
		};
		9FB57AC7240686E500E5ABFF /* Debug */ = {
			isa = XCBuildConfiguration;
			buildSettings = {
				CODE_SIGN_ENTITLEMENTS = v2rayTray/v2rayTray.entitlements;
				CODE_SIGN_STYLE = Automatic;
				COMBINE_HIDPI_IMAGES = YES;
				DEVELOPMENT_ASSET_PATHS = "\"v2rayTray/Preview Content\"";
				DEVELOPMENT_TEAM = 87PAM6LDB3;
				ENABLE_HARDENED_RUNTIME = YES;
				ENABLE_PREVIEWS = YES;
				INFOPLIST_FILE = v2rayTray/Info.plist;
				LD_RUNPATH_SEARCH_PATHS = (
					"$(inherited)",
					"@executable_path/../Frameworks",
				);
				MACOSX_DEPLOYMENT_TARGET = 10.15;
				PRODUCT_BUNDLE_IDENTIFIER = com.dreamldx.v2rayTray;
				PRODUCT_NAME = "$(TARGET_NAME)";
				SWIFT_VERSION = 5.0;
			};
			name = Debug;
		};
		9FB57AC8240686E500E5ABFF /* Release */ = {
			isa = XCBuildConfiguration;
			buildSettings = {
				CODE_SIGN_ENTITLEMENTS = v2rayTray/v2rayTray.entitlements;
				CODE_SIGN_STYLE = Automatic;
				COMBINE_HIDPI_IMAGES = YES;
				DEVELOPMENT_ASSET_PATHS = "\"v2rayTray/Preview Content\"";
				DEVELOPMENT_TEAM = 87PAM6LDB3;
				ENABLE_HARDENED_RUNTIME = YES;
				ENABLE_PREVIEWS = YES;
				INFOPLIST_FILE = v2rayTray/Info.plist;
				LD_RUNPATH_SEARCH_PATHS = (
					"$(inherited)",
					"@executable_path/../Frameworks",
				);
				MACOSX_DEPLOYMENT_TARGET = 10.15;
				PRODUCT_BUNDLE_IDENTIFIER = com.dreamldx.v2rayTray;
				PRODUCT_NAME = "$(TARGET_NAME)";
				SWIFT_VERSION = 5.0;
			};
			name = Release;
		};
/* End XCBuildConfiguration section */

/* Begin XCConfigurationList section */
		9FB57AAE240686E400E5ABFF /* Build configuration list for PBXProject "v2rayTray" */ = {
			isa = XCConfigurationList;
			buildConfigurations = (
				9FB57AC4240686E500E5ABFF /* Debug */,
				9FB57AC5240686E500E5ABFF /* Release */,
			);
			defaultConfigurationIsVisible = 0;
			defaultConfigurationName = Release;
		};
		9FB57AC6240686E500E5ABFF /* Build configuration list for PBXNativeTarget "v2rayTray" */ = {
			isa = XCConfigurationList;
			buildConfigurations = (
				9FB57AC7240686E500E5ABFF /* Debug */,
				9FB57AC8240686E500E5ABFF /* Release */,
			);
			defaultConfigurationIsVisible = 0;
			defaultConfigurationName = Release;
		};
/* End XCConfigurationList section */
	};
	rootObject = 9FB57AAB240686E400E5ABFF /* Project object */;
}
